
Microsoft Visual Studio Solution File, Format Version 12.00
# Visual Studio Version 17
VisualStudioVersion = 17.7.34202.233
MinimumVisualStudioVersion = 10.0.40219.1
Project("{FAE04EC0-301F-11D3-BF4B-00C04F79EFBC}") = "WebMvcMysql", "WebMvcMysql\WebMvcMysql.csproj", "{528BF301-5760-488C-9E51-5E5266C98EBE}"
EndProject
Global
	GlobalSection(SolutionConfigurationPlatforms) = preSolution
		Debug|Any CPU = Debug|Any CPU
		Release|Any CPU = Release|Any CPU
	EndGlobalSection
	GlobalSection(ProjectConfigurationPlatforms) = postSolution
		{528BF301-5760-488C-9E51-5E5266C98EBE}.Debug|Any CPU.ActiveCfg = Debug|Any CPU
		{528BF301-5760-488C-9E51-5E5266C98EBE}.Debug|Any CPU.Build.0 = Debug|Any CPU
		{528BF301-5760-488C-9E51-5E5266C98EBE}.Release|Any CPU.ActiveCfg = Release|Any CPU
		{528BF301-5760-488C-9E51-5E5266C98EBE}.Release|Any CPU.Build.0 = Release|Any CPU
	EndGlobalSection
	GlobalSection(SolutionProperties) = preSolution
		HideSolutionNode = FALSE
	EndGlobalSection
	GlobalSection(ExtensibilityGlobals) = postSolution
		SolutionGuid = {1F5B82EA-3E0F-4A60-9645-B0DD15CBC098}
	EndGlobalSection
EndGlobal
